
Microsoft Visual Studio Solution File, Format Version 12.00
# Visual Studio Version 17
VisualStudioVersion = 17.8.34511.84
MinimumVisualStudioVersion = 10.0.40219.1
Project("{FAE04EC0-301F-11D3-BF4B-00C04F79EFBC}") = "Progra2_tarea2_ejercicio2", "Progra2_tarea2_ejercicio2.csproj", "{45E4205E-9A2E-464E-BD15-A4D5B5681163}"
EndProject
Global
	GlobalSection(SolutionConfigurationPlatforms) = preSolution
		Debug|Any CPU = Debug|Any CPU
		Release|Any CPU = Release|Any CPU
	EndGlobalSection
	GlobalSection(ProjectConfigurationPlatforms) = postSolution
		{45E4205E-9A2E-464E-BD15-A4D5B5681163}.Debug|Any CPU.ActiveCfg = Debug|Any CPU
		{45E4205E-9A2E-464E-BD15-A4D5B5681163}.Debug|Any CPU.Build.0 = Debug|Any CPU
		{45E4205E-9A2E-464E-BD15-A4D5B5681163}.Release|Any CPU.ActiveCfg = Release|Any CPU
		{45E4205E-9A2E-464E-BD15-A4D5B5681163}.Release|Any CPU.Build.0 = Release|Any CPU
	EndGlobalSection
	GlobalSection(SolutionProperties) = preSolution
		HideSolutionNode = FALSE
	EndGlobalSection
	GlobalSection(ExtensibilityGlobals) = postSolution
		SolutionGuid = {4D2C6584-F670-4F42-B57C-558961CF4CB4}
	EndGlobalSection
EndGlobal
